
Microsoft Visual Studio Solution File, Format Version 12.00
# Visual Studio Version 17
VisualStudioVersion = 17.2.32616.157
MinimumVisualStudioVersion = 10.0.40219.1
Project("{FAE04EC0-301F-11D3-BF4B-00C04F79EFBC}") = "PRSecox", "PRSecox\PRSecox.csproj", "{035E39D9-2EC8-4820-9A2E-7135546A70A4}"
EndProject
Global
	GlobalSection(SolutionConfigurationPlatforms) = preSolution
		Debug|Any CPU = Debug|Any CPU
		Release|Any CPU = Release|Any CPU
	EndGlobalSection
	GlobalSection(ProjectConfigurationPlatforms) = postSolution
		{035E39D9-2EC8-4820-9A2E-7135546A70A4}.Debug|Any CPU.ActiveCfg = Debug|Any CPU
		{035E39D9-2EC8-4820-9A2E-7135546A70A4}.Debug|Any CPU.Build.0 = Debug|Any CPU
		{035E39D9-2EC8-4820-9A2E-7135546A70A4}.Release|Any CPU.ActiveCfg = Release|Any CPU
		{035E39D9-2EC8-4820-9A2E-7135546A70A4}.Release|Any CPU.Build.0 = Release|Any CPU
	EndGlobalSection
	GlobalSection(SolutionProperties) = preSolution
		HideSolutionNode = FALSE
	EndGlobalSection
	GlobalSection(ExtensibilityGlobals) = postSolution
		SolutionGuid = {9773CD8C-4524-4DB4-9D9E-659AAF2653BC}
	EndGlobalSection
EndGlobal
